
Microsoft Visual Studio Solution File, Format Version 12.00
# Visual Studio Version 17
VisualStudioVersion = 17.0.31903.59
MinimumVisualStudioVersion = 10.0.40219.1
Project("{2150E333-8FDC-42A3-9474-1A3956D46DE8}") = "src", "src", "{1D5BB6C6-E4B1-49B3-B905-9C8B98A1A539}"
EndProject
Project("{F2A71F9B-5D33-465A-A702-920D77279786}") = "PSSharp.PowerShell.WindowsUpdate.Commands", "src\PSSharp.PowerShell.WindowsUpdate.Commands\PSSharp.PowerShell.WindowsUpdate.Commands.fsproj", "{F10C61D1-2472-4F81-8F55-043EA70F1C6A}"
EndProject
Project("{2150E333-8FDC-42A3-9474-1A3956D46DE8}") = "tests", "tests", "{BD3A19AF-3590-434C-B41E-B10B1F1A0BE9}"
EndProject
Project("{F2A71F9B-5D33-465A-A702-920D77279786}") = "PSSharp.PowerShell.WindowsUpdate.Commands.Tests", "tests\PSSharp.PowerShell.WindowsUpdate.Commands.Tests\PSSharp.PowerShell.WindowsUpdate.Commands.Tests.fsproj", "{2F3264A4-37EC-479B-A64C-23C5CF64F596}"
EndProject
Global
	GlobalSection(SolutionConfigurationPlatforms) = preSolution
		Debug|Any CPU = Debug|Any CPU
		Release|Any CPU = Release|Any CPU
	EndGlobalSection
	GlobalSection(SolutionProperties) = preSolution
		HideSolutionNode = FALSE
	EndGlobalSection
	GlobalSection(ProjectConfigurationPlatforms) = postSolution
		{F10C61D1-2472-4F81-8F55-043EA70F1C6A}.Debug|Any CPU.ActiveCfg = Debug|Any CPU
		{F10C61D1-2472-4F81-8F55-043EA70F1C6A}.Debug|Any CPU.Build.0 = Debug|Any CPU
		{F10C61D1-2472-4F81-8F55-043EA70F1C6A}.Release|Any CPU.ActiveCfg = Release|Any CPU
		{F10C61D1-2472-4F81-8F55-043EA70F1C6A}.Release|Any CPU.Build.0 = Release|Any CPU
		{758873C9-D6DC-4EB5-826A-B260F411931C}.Debug|Any CPU.ActiveCfg = Debug|Any CPU
		{758873C9-D6DC-4EB5-826A-B260F411931C}.Debug|Any CPU.Build.0 = Debug|Any CPU
		{758873C9-D6DC-4EB5-826A-B260F411931C}.Release|Any CPU.ActiveCfg = Release|Any CPU
		{758873C9-D6DC-4EB5-826A-B260F411931C}.Release|Any CPU.Build.0 = Release|Any CPU
		{2F3264A4-37EC-479B-A64C-23C5CF64F596}.Debug|Any CPU.ActiveCfg = Debug|Any CPU
		{2F3264A4-37EC-479B-A64C-23C5CF64F596}.Debug|Any CPU.Build.0 = Debug|Any CPU
		{2F3264A4-37EC-479B-A64C-23C5CF64F596}.Release|Any CPU.ActiveCfg = Release|Any CPU
		{2F3264A4-37EC-479B-A64C-23C5CF64F596}.Release|Any CPU.Build.0 = Release|Any CPU
	EndGlobalSection
	GlobalSection(NestedProjects) = preSolution
		{F10C61D1-2472-4F81-8F55-043EA70F1C6A} = {1D5BB6C6-E4B1-49B3-B905-9C8B98A1A539}
		{2F3264A4-37EC-479B-A64C-23C5CF64F596} = {BD3A19AF-3590-434C-B41E-B10B1F1A0BE9}
	EndGlobalSection
EndGlobal
