
Microsoft Visual Studio Solution File, Format Version 12.00
# Visual Studio Version 17
VisualStudioVersion = 17.0.31903.59
MinimumVisualStudioVersion = 10.0.40219.1
Project("{2150E333-8FDC-42A3-9474-1A3956D46DE8}") = "src", "src", "{B6DA4B76-3F84-4ACA-A41D-4E7AE633AD49}"
EndProject
Project("{6EC3EE1D-3C4E-46DD-8F32-0CC8E7565705}") = "PSSharp.PowerShell.WindowsUpdate", "src\PSSharp.PowerShell.WindowsUpdate\PSSharp.PowerShell.WindowsUpdate.fsproj", "{59BBEC85-3414-44BC-85CE-79B8D3817D2D}"
EndProject
Project("{9A19103F-16F7-4668-BE54-9A1E7A4F7556}") = "PSSharp.PowerShell.WindowsUpdate.Tests", "src\PSSharp.PowerShell.WindowsUpdate.Tests\PSSharp.PowerShell.WindowsUpdate.Tests.csproj", "{91F532EE-B103-4656-8E24-25F73624576E}"
EndProject
Global
	GlobalSection(SolutionConfigurationPlatforms) = preSolution
		Debug|Any CPU = Debug|Any CPU
		Release|Any CPU = Release|Any CPU
	EndGlobalSection
	GlobalSection(ProjectConfigurationPlatforms) = postSolution
		{59BBEC85-3414-44BC-85CE-79B8D3817D2D}.Debug|Any CPU.ActiveCfg = Debug|Any CPU
		{59BBEC85-3414-44BC-85CE-79B8D3817D2D}.Debug|Any CPU.Build.0 = Debug|Any CPU
		{59BBEC85-3414-44BC-85CE-79B8D3817D2D}.Release|Any CPU.ActiveCfg = Release|Any CPU
		{59BBEC85-3414-44BC-85CE-79B8D3817D2D}.Release|Any CPU.Build.0 = Release|Any CPU
		{91F532EE-B103-4656-8E24-25F73624576E}.Debug|Any CPU.ActiveCfg = Debug|Any CPU
		{91F532EE-B103-4656-8E24-25F73624576E}.Debug|Any CPU.Build.0 = Debug|Any CPU
		{91F532EE-B103-4656-8E24-25F73624576E}.Release|Any CPU.ActiveCfg = Release|Any CPU
		{91F532EE-B103-4656-8E24-25F73624576E}.Release|Any CPU.Build.0 = Release|Any CPU
	EndGlobalSection
	GlobalSection(SolutionProperties) = preSolution
		HideSolutionNode = FALSE
	EndGlobalSection
	GlobalSection(NestedProjects) = preSolution
		{59BBEC85-3414-44BC-85CE-79B8D3817D2D} = {B6DA4B76-3F84-4ACA-A41D-4E7AE633AD49}
		{91F532EE-B103-4656-8E24-25F73624576E} = {B6DA4B76-3F84-4ACA-A41D-4E7AE633AD49}
	EndGlobalSection
	GlobalSection(ExtensibilityGlobals) = postSolution
		SolutionGuid = {3BA78B52-8C32-4DE4-8C6C-83E9F2AD69F6}
	EndGlobalSection
EndGlobal
